
Microsoft Visual Studio Solution File, Format Version 12.00
# Visual Studio 15
Project("{FAE04EC0-301F-11D3-BF4B-00C04F79EFBC}") = "SEFP", "Assembly-CSharp.csproj", "{AF55E4F3-F566-43F7-ED3D-01F3EC0C87D6}"
EndProject
Project("{FAE04EC0-301F-11D3-BF4B-00C04F79EFBC}") = "SEFP", "Assembly-CSharp-Editor.csproj", "{FBB9240E-803B-6A71-A550-B639F9F0A7C1}"
EndProject
Global
	GlobalSection(SolutionConfigurationPlatforms) = preSolution
		Debug|Any CPU = Debug|Any CPU
		Release|Any CPU = Release|Any CPU
	EndGlobalSection
	GlobalSection(ProjectConfigurationPlatforms) = postSolution
		{AF55E4F3-F566-43F7-ED3D-01F3EC0C87D6}.Debug|Any CPU.ActiveCfg = Debug|Any CPU
		{AF55E4F3-F566-43F7-ED3D-01F3EC0C87D6}.Debug|Any CPU.Build.0 = Debug|Any CPU
		{AF55E4F3-F566-43F7-ED3D-01F3EC0C87D6}.Release|Any CPU.ActiveCfg = Release|Any CPU
		{AF55E4F3-F566-43F7-ED3D-01F3EC0C87D6}.Release|Any CPU.Build.0 = Release|Any CPU
		{FBB9240E-803B-6A71-A550-B639F9F0A7C1}.Debug|Any CPU.ActiveCfg = Debug|Any CPU
		{FBB9240E-803B-6A71-A550-B639F9F0A7C1}.Debug|Any CPU.Build.0 = Debug|Any CPU
		{FBB9240E-803B-6A71-A550-B639F9F0A7C1}.Release|Any CPU.ActiveCfg = Release|Any CPU
		{FBB9240E-803B-6A71-A550-B639F9F0A7C1}.Release|Any CPU.Build.0 = Release|Any CPU
	EndGlobalSection
	GlobalSection(SolutionProperties) = preSolution
		HideSolutionNode = FALSE
	EndGlobalSection
EndGlobal
